
Microsoft Visual Studio Solution File, Format Version 10.00
# Visual Studio 2008
Project("{FAE04EC0-301F-11D3-BF4B-00C04F79EFBC}") = "ContentSigner", "ContentSigner\ContentSigner.csproj", "{6E71CB7E-95ED-41CA-9286-B8A8F4F88ACD}"
EndProject
Global
	GlobalSection(SolutionConfigurationPlatforms) = preSolution
		Debug|Any CPU = Debug|Any CPU
		Release|Any CPU = Release|Any CPU
	EndGlobalSection
	GlobalSection(ProjectConfigurationPlatforms) = postSolution
		{6E71CB7E-95ED-41CA-9286-B8A8F4F88ACD}.Debug|Any CPU.ActiveCfg = Debug|Any CPU
		{6E71CB7E-95ED-41CA-9286-B8A8F4F88ACD}.Debug|Any CPU.Build.0 = Debug|Any CPU
		{6E71CB7E-95ED-41CA-9286-B8A8F4F88ACD}.Release|Any CPU.ActiveCfg = Release|Any CPU
		{6E71CB7E-95ED-41CA-9286-B8A8F4F88ACD}.Release|Any CPU.Build.0 = Release|Any CPU
	EndGlobalSection
	GlobalSection(SolutionProperties) = preSolution
		HideSolutionNode = FALSE
	EndGlobalSection
EndGlobal
